
Microsoft Visual Studio Solution File, Format Version 12.00
# Visual Studio Version 16
VisualStudioVersion = 16.0.30611.23
MinimumVisualStudioVersion = 10.0.40219.1
Project("{FAE04EC0-301F-11D3-BF4B-00C04F79EFBC}") = "FileToZip", "FileToZip\FileToZip.csproj", "{DD0AC938-AE31-47D1-8793-CA60AEEC2422}"
EndProject
Global
	GlobalSection(SolutionConfigurationPlatforms) = preSolution
		Debug|Any CPU = Debug|Any CPU
		Release|Any CPU = Release|Any CPU
	EndGlobalSection
	GlobalSection(ProjectConfigurationPlatforms) = postSolution
		{DD0AC938-AE31-47D1-8793-CA60AEEC2422}.Debug|Any CPU.ActiveCfg = Debug|Any CPU
		{DD0AC938-AE31-47D1-8793-CA60AEEC2422}.Debug|Any CPU.Build.0 = Debug|Any CPU
		{DD0AC938-AE31-47D1-8793-CA60AEEC2422}.Release|Any CPU.ActiveCfg = Release|Any CPU
		{DD0AC938-AE31-47D1-8793-CA60AEEC2422}.Release|Any CPU.Build.0 = Release|Any CPU
	EndGlobalSection
	GlobalSection(SolutionProperties) = preSolution
		HideSolutionNode = FALSE
	EndGlobalSection
	GlobalSection(ExtensibilityGlobals) = postSolution
		SolutionGuid = {A33A8F8E-6F24-4337-830F-A6C34FF2DF60}
	EndGlobalSection
EndGlobal
